
Microsoft Visual Studio Solution File, Format Version 12.00
# Visual Studio Version 17
VisualStudioVersion = 17.0.32014.148
MinimumVisualStudioVersion = 10.0.40219.1
Project("{FAE04EC0-301F-11D3-BF4B-00C04F79EFBC}") = "SocialMedia", "SocialMedia\SocialMedia.csproj", "{4A00BC90-3AAC-4687-A752-2D59AB125976}"
EndProject
Global
	GlobalSection(SolutionConfigurationPlatforms) = preSolution
		Debug|Any CPU = Debug|Any CPU
		Release|Any CPU = Release|Any CPU
	EndGlobalSection
	GlobalSection(ProjectConfigurationPlatforms) = postSolution
		{4A00BC90-3AAC-4687-A752-2D59AB125976}.Debug|Any CPU.ActiveCfg = Debug|Any CPU
		{4A00BC90-3AAC-4687-A752-2D59AB125976}.Debug|Any CPU.Build.0 = Debug|Any CPU
		{4A00BC90-3AAC-4687-A752-2D59AB125976}.Release|Any CPU.ActiveCfg = Release|Any CPU
		{4A00BC90-3AAC-4687-A752-2D59AB125976}.Release|Any CPU.Build.0 = Release|Any CPU
	EndGlobalSection
	GlobalSection(SolutionProperties) = preSolution
		HideSolutionNode = FALSE
	EndGlobalSection
	GlobalSection(ExtensibilityGlobals) = postSolution
		SolutionGuid = {C181420E-9D9F-4D60-AFCF-700E9CE8F9B5}
	EndGlobalSection
EndGlobal
